{
  "object": {
    "pins": [
      {
        "package": "CryptoSwift",
        "repositoryURL": "https://github.com/krzyzanowskim/CryptoSwift",
        "state": {
          "branch": null,
          "revision": "12f2389aca4a07e0dd54c86ec23d0721ed88b8db",
          "version": "1.4.3"
        }
      },
      {
        "package": "NeteaseCloudMusicAPI",
        "repositoryURL": "https://github.com/linshaolong5240/NeteaseCloudMusicAPI",
        "state": {
          "branch": null,
          "revision": "28d8c82cd56667f61ea636c10e85923e1c347070",
          "version": "1.0.0"
        }
      },
      {
        "package": "RxSwift",
        "repositoryURL": "https://github.com/ReactiveX/RxSwift",
        "state": {
          "branch": null,
          "revision": "b4307ba0b6425c0ba4178e138799946c3da594f8",
          "version": "6.5.0"
        }
      }
    ]
  },
  "version": 1
}
